// !$*UTF8*$!
{
	archiveVersion = 1;
	classes = {
	};
	objectVersion = 46;
	objects = {

/* Begin PBXBuildFile section */
		520243B41D9065E4009F236F /* main.swift in Sources */ = {isa = PBXBuildFile; fileRef = 520243B31D9065E4009F236F /* main.swift */; };
		5211EC3A1D94A30300877C8A /* DispatchType.swift in Sources */ = {isa = PBXBuildFile; fileRef = 5211EC391D94A30300877C8A /* DispatchType.swift */; };
		5211EC3C1D94A36100877C8A /* Dispatch.swift in Sources */ = {isa = PBXBuildFile; fileRef = 5211EC3B1D94A36100877C8A /* Dispatch.swift */; };
		5211EC3E1D94A3CB00877C8A /* FakeDispatch.swift in Sources */ = {isa = PBXBuildFile; fileRef = 5211EC3D1D94A3CB00877C8A /* FakeDispatch.swift */; };
		5221840D1D6E3D5100A9D80A /* Challenge.swift in Sources */ = {isa = PBXBuildFile; fileRef = 5221840C1D6E3D5100A9D80A /* Challenge.swift */; };
		522184131D6E456900A9D80A /* RandomizerType.swift in Sources */ = {isa = PBXBuildFile; fileRef = 522184121D6E456900A9D80A /* RandomizerType.swift */; };
		522184151D6E4B5A00A9D80A /* FakeRandomizer.swift in Sources */ = {isa = PBXBuildFile; fileRef = 522184141D6E4B5A00A9D80A /* FakeRandomizer.swift */; };
		522184181D6E4E2C00A9D80A /* RandomizerTests.swift in Sources */ = {isa = PBXBuildFile; fileRef = 522184171D6E4E2C00A9D80A /* RandomizerTests.swift */; };
		5221841B1D6E4EEB00A9D80A /* Randomizer.swift in Sources */ = {isa = PBXBuildFile; fileRef = 5221841A1D6E4EEB00A9D80A /* Randomizer.swift */; };
		5227A5321D89D43500A4DBE9 /* SetSessionToken.swift in Sources */ = {isa = PBXBuildFile; fileRef = 5227A5311D89D43500A4DBE9 /* SetSessionToken.swift */; };
		5227A5341D89ED2300A4DBE9 /* PersistedType.swift in Sources */ = {isa = PBXBuildFile; fileRef = 5227A5331D89ED2300A4DBE9 /* PersistedType.swift */; };
		5227A5361D89ED3C00A4DBE9 /* Persisted.swift in Sources */ = {isa = PBXBuildFile; fileRef = 5227A5351D89ED3C00A4DBE9 /* Persisted.swift */; };
		5227A53A1D89FC0B00A4DBE9 /* SetPeople.swift in Sources */ = {isa = PBXBuildFile; fileRef = 5227A5391D89FC0B00A4DBE9 /* SetPeople.swift */; };
		525ABAA91D904D6C00171359 /* AuthenticationReducerTests.swift in Sources */ = {isa = PBXBuildFile; fileRef = 525ABAA81D904D6C00171359 /* AuthenticationReducerTests.swift */; };
		525BE1461D6BADB2003B9839 /* PeopleServiceType.swift in Sources */ = {isa = PBXBuildFile; fileRef = 525BE1451D6BADB2003B9839 /* PeopleServiceType.swift */; };
		525BE1481D6BB087003B9839 /* FakePeopleService.swift in Sources */ = {isa = PBXBuildFile; fileRef = 525BE1471D6BB087003B9839 /* FakePeopleService.swift */; };
		526EDED61D919E5B00C100D4 /* FakeAuthenticationState.swift in Sources */ = {isa = PBXBuildFile; fileRef = 526EDED51D919E5B00C100D4 /* FakeAuthenticationState.swift */; };
		526EDED81D919E7D00C100D4 /* AuthenticationStateType.swift in Sources */ = {isa = PBXBuildFile; fileRef = 526EDED71D919E7D00C100D4 /* AuthenticationStateType.swift */; };
		526EDEDA1D919F8500C100D4 /* ChallengeReducerTests.swift in Sources */ = {isa = PBXBuildFile; fileRef = 526EDED91D919F8500C100D4 /* ChallengeReducerTests.swift */; };
		526EDEDC1D91A47200C100D4 /* ChallengeStateType.swift in Sources */ = {isa = PBXBuildFile; fileRef = 526EDEDB1D91A47200C100D4 /* ChallengeStateType.swift */; };
		5284128A1D887AB9008D5224 /* AppState.swift in Sources */ = {isa = PBXBuildFile; fileRef = 528412891D887AB9008D5224 /* AppState.swift */; };
		5284128D1D887AE6008D5224 /* AppReducer.swift in Sources */ = {isa = PBXBuildFile; fileRef = 5284128C1D887AE6008D5224 /* AppReducer.swift */; };
		528C96A91D933F7C0094A061 /* FakeWebView.swift in Sources */ = {isa = PBXBuildFile; fileRef = 528C96A81D933F7C0094A061 /* FakeWebView.swift */; };
		529648F41D945FCC00F30246 /* FakeAppReducer.swift in Sources */ = {isa = PBXBuildFile; fileRef = 529648F31D945FCC00F30246 /* FakeAppReducer.swift */; };
		52A985391D6B9D1500EB0247 /* UIStoryboard.swift in Sources */ = {isa = PBXBuildFile; fileRef = 52A985381D6B9D1500EB0247 /* UIStoryboard.swift */; };
		52A9853B1D6B9D1E00EB0247 /* ViewControllerIdentifier.swift in Sources */ = {isa = PBXBuildFile; fileRef = 52A9853A1D6B9D1E00EB0247 /* ViewControllerIdentifier.swift */; };
		52A9853F1D6BA43D00EB0247 /* ViewController.swift in Sources */ = {isa = PBXBuildFile; fileRef = 52A9853E1D6BA43D00EB0247 /* ViewController.swift */; };
		52CE518E1D8C4AD300409E61 /* CreateChallenge.swift in Sources */ = {isa = PBXBuildFile; fileRef = 52CE518D1D8C4AD300409E61 /* CreateChallenge.swift */; };
		52CE51901D8C4AF100409E61 /* UpdateChallenge.swift in Sources */ = {isa = PBXBuildFile; fileRef = 52CE518F1D8C4AF100409E61 /* UpdateChallenge.swift */; };
		52CE51B71D8CAA6400409E61 /* AuthenticationState.swift in Sources */ = {isa = PBXBuildFile; fileRef = 52CE51B61D8CAA6400409E61 /* AuthenticationState.swift */; };
		52CE51B91D8CAA6E00409E61 /* ChallengeState.swift in Sources */ = {isa = PBXBuildFile; fileRef = 52CE51B81D8CAA6E00409E61 /* ChallengeState.swift */; };
		52CE51BB1D8CAF8500409E61 /* AuthenticationReducer.swift in Sources */ = {isa = PBXBuildFile; fileRef = 52CE51BA1D8CAF8500409E61 /* AuthenticationReducer.swift */; };
		52CE51BD1D8CB0B200409E61 /* ChallengeReducer.swift in Sources */ = {isa = PBXBuildFile; fileRef = 52CE51BC1D8CB0B200409E61 /* ChallengeReducer.swift */; };
		52CFABBF1D6CB40F00349460 /* NetworkType.swift in Sources */ = {isa = PBXBuildFile; fileRef = 52CFABBE1D6CB40F00349460 /* NetworkType.swift */; };
		52CFABC11D6CB4F700349460 /* FakeNetwork.swift in Sources */ = {isa = PBXBuildFile; fileRef = 52CFABC01D6CB4F700349460 /* FakeNetwork.swift */; };
		52CFABC41D6CBF5500349460 /* Network.swift in Sources */ = {isa = PBXBuildFile; fileRef = 52CFABC31D6CBF5500349460 /* Network.swift */; };
		52CFABC61D6CC77700349460 /* PeopleServiceTests.swift in Sources */ = {isa = PBXBuildFile; fileRef = 52CFABC51D6CC77700349460 /* PeopleServiceTests.swift */; };
		52CFABC81D6CCA3600349460 /* PeopleService.swift in Sources */ = {isa = PBXBuildFile; fileRef = 52CFABC71D6CCA3600349460 /* PeopleService.swift */; };
		52D19A791D997E6300B6E313 /* ReSwift.framework in Frameworks */ = {isa = PBXBuildFile; fileRef = 52D19A6C1D997E5800B6E313 /* ReSwift.framework */; };
		52D4A6781D70F78C00B78EB5 /* Login.storyboard in Resources */ = {isa = PBXBuildFile; fileRef = 52D4A6771D70F78C00B78EB5 /* Login.storyboard */; };
		52DA7A751D6F8FFF00816314 /* GameViewController.swift in Sources */ = {isa = PBXBuildFile; fileRef = 52DA7A741D6F8FFF00816314 /* GameViewController.swift */; };
		52DA7A771D6F902600816314 /* GameViewControllerTests.swift in Sources */ = {isa = PBXBuildFile; fileRef = 52DA7A761D6F902600816314 /* GameViewControllerTests.swift */; };
		52DA7A791D6F906400816314 /* Game.storyboard in Resources */ = {isa = PBXBuildFile; fileRef = 52DA7A781D6F906400816314 /* Game.storyboard */; };
		52E8F5391D6619990041A888 /* AppDelegate.swift in Sources */ = {isa = PBXBuildFile; fileRef = 52E8F5381D6619990041A888 /* AppDelegate.swift */; };
		52E8F53B1D6619990041A888 /* LoginViewController.swift in Sources */ = {isa = PBXBuildFile; fileRef = 52E8F53A1D6619990041A888 /* LoginViewController.swift */; };
		52E8F5401D6619990041A888 /* Assets.xcassets in Resources */ = {isa = PBXBuildFile; fileRef = 52E8F53F1D6619990041A888 /* Assets.xcassets */; };
		52E8F5431D6619990041A888 /* LaunchScreen.storyboard in Resources */ = {isa = PBXBuildFile; fileRef = 52E8F5411D6619990041A888 /* LaunchScreen.storyboard */; };
		52E8F55A1D661E030041A888 /* LoginViewControllerTests.swift in Sources */ = {isa = PBXBuildFile; fileRef = 52E8F5591D661E030041A888 /* LoginViewControllerTests.swift */; };
		52E8F56E1D6638A20041A888 /* Person.swift in Sources */ = {isa = PBXBuildFile; fileRef = 52E8F56D1D6638A20041A888 /* Person.swift */; };
		52E8F5741D663EEC0041A888 /* People.swift in Sources */ = {isa = PBXBuildFile; fileRef = 52E8F5731D663EEC0041A888 /* People.swift */; };
		52E8F5761D6671230041A888 /* ViewControllerTransitioner.swift in Sources */ = {isa = PBXBuildFile; fileRef = 52E8F5751D6671230041A888 /* ViewControllerTransitioner.swift */; };
		52E8F5781D6674030041A888 /* FakeViewControllerTransitioner.swift in Sources */ = {isa = PBXBuildFile; fileRef = 52E8F5771D6674030041A888 /* FakeViewControllerTransitioner.swift */; };
		52E97B7E1D74E5B4008A626A /* AnyRandomizer.swift in Sources */ = {isa = PBXBuildFile; fileRef = 52E97B7D1D74E5B4008A626A /* AnyRandomizer.swift */; };
		52EFAC2A1D91BC5500A2AEE5 /* FakeChallengeState.swift in Sources */ = {isa = PBXBuildFile; fileRef = 52EFAC291D91BC5500A2AEE5 /* FakeChallengeState.swift */; };
		52EFBF081D906DF9009F7E36 /* TestAppDelegate.swift in Sources */ = {isa = PBXBuildFile; fileRef = 52EFBF071D906DF9009F7E36 /* TestAppDelegate.swift */; };
/* End PBXBuildFile section */

/* Begin PBXContainerItemProxy section */
		52D19A6B1D997E5800B6E313 /* PBXContainerItemProxy */ = {
			isa = PBXContainerItemProxy;
			containerPortal = 52D19A611D997E5800B6E313 /* ReSwift.xcodeproj */;
			proxyType = 2;
			remoteGlobalIDString = 625E66831C1FF97E0027C288;
			remoteInfo = "ReSwift-iOS";
		};
		52D19A6D1D997E5800B6E313 /* PBXContainerItemProxy */ = {
			isa = PBXContainerItemProxy;
			containerPortal = 52D19A611D997E5800B6E313 /* ReSwift.xcodeproj */;
			proxyType = 2;
			remoteGlobalIDString = 625E669A1C1FFA3C0027C288;
			remoteInfo = "ReSwift-iOSTests";
		};
		52D19A6F1D997E5800B6E313 /* PBXContainerItemProxy */ = {
			isa = PBXContainerItemProxy;
			containerPortal = 52D19A611D997E5800B6E313 /* ReSwift.xcodeproj */;
			proxyType = 2;
			remoteGlobalIDString = 25DBCF7B1C30C4AA00D63A58;
			remoteInfo = "ReSwift-macOS";
		};
		52D19A711D997E5800B6E313 /* PBXContainerItemProxy */ = {
			isa = PBXContainerItemProxy;
			containerPortal = 52D19A611D997E5800B6E313 /* ReSwift.xcodeproj */;
			proxyType = 2;
			remoteGlobalIDString = 25DBCF871C30C4DB00D63A58;
			remoteInfo = "ReSwift-macOSTests";
		};
		52D19A731D997E5800B6E313 /* PBXContainerItemProxy */ = {
			isa = PBXContainerItemProxy;
			containerPortal = 52D19A611D997E5800B6E313 /* ReSwift.xcodeproj */;
			proxyType = 2;
			remoteGlobalIDString = 25DBCF4E1C30C18D00D63A58;
			remoteInfo = "ReSwift-tvOS";
		};
		52D19A751D997E5800B6E313 /* PBXContainerItemProxy */ = {
			isa = PBXContainerItemProxy;
			containerPortal = 52D19A611D997E5800B6E313 /* ReSwift.xcodeproj */;
			proxyType = 2;
			remoteGlobalIDString = 25DBCF641C30C1AC00D63A58;
			remoteInfo = "ReSwift-tvOSTests";
		};
		52D19A771D997E5800B6E313 /* PBXContainerItemProxy */ = {
			isa = PBXContainerItemProxy;
			containerPortal = 52D19A611D997E5800B6E313 /* ReSwift.xcodeproj */;
			proxyType = 2;
			remoteGlobalIDString = 25DBCF371C30BF2B00D63A58;
			remoteInfo = "ReSwift-watchOS";
		};
		52E8F54A1D6619990041A888 /* PBXContainerItemProxy */ = {
			isa = PBXContainerItemProxy;
			containerPortal = 52E8F52D1D6619990041A888 /* Project object */;
			proxyType = 1;
			remoteGlobalIDString = 52E8F5341D6619990041A888;
			remoteInfo = WhackAPivotRedux;
		};
/* End PBXContainerItemProxy section */

/* Begin PBXFileReference section */
		520243B31D9065E4009F236F /* main.swift */ = {isa = PBXFileReference; fileEncoding = 4; lastKnownFileType = sourcecode.swift; path = main.swift; sourceTree = "<group>"; };
		5211EC391D94A30300877C8A /* DispatchType.swift */ = {isa = PBXFileReference; fileEncoding = 4; lastKnownFileType = sourcecode.swift; path = DispatchType.swift; sourceTree = "<group>"; };
		5211EC3B1D94A36100877C8A /* Dispatch.swift */ = {isa = PBXFileReference; fileEncoding = 4; lastKnownFileType = sourcecode.swift; path = Dispatch.swift; sourceTree = "<group>"; };
		5211EC3D1D94A3CB00877C8A /* FakeDispatch.swift */ = {isa = PBXFileReference; fileEncoding = 4; lastKnownFileType = sourcecode.swift; path = FakeDispatch.swift; sourceTree = "<group>"; };
		5221840C1D6E3D5100A9D80A /* Challenge.swift */ = {isa = PBXFileReference; fileEncoding = 4; lastKnownFileType = sourcecode.swift; path = Challenge.swift; sourceTree = "<group>"; };
		522184121D6E456900A9D80A /* RandomizerType.swift */ = {isa = PBXFileReference; fileEncoding = 4; lastKnownFileType = sourcecode.swift; path = RandomizerType.swift; sourceTree = "<group>"; };
		522184141D6E4B5A00A9D80A /* FakeRandomizer.swift */ = {isa = PBXFileReference; fileEncoding = 4; lastKnownFileType = sourcecode.swift; path = FakeRandomizer.swift; sourceTree = "<group>"; };
		522184171D6E4E2C00A9D80A /* RandomizerTests.swift */ = {isa = PBXFileReference; fileEncoding = 4; lastKnownFileType = sourcecode.swift; path = RandomizerTests.swift; sourceTree = "<group>"; };
		5221841A1D6E4EEB00A9D80A /* Randomizer.swift */ = {isa = PBXFileReference; fileEncoding = 4; lastKnownFileType = sourcecode.swift; path = Randomizer.swift; sourceTree = "<group>"; };
		5227A5311D89D43500A4DBE9 /* SetSessionToken.swift */ = {isa = PBXFileReference; fileEncoding = 4; lastKnownFileType = sourcecode.swift; path = SetSessionToken.swift; sourceTree = "<group>"; };
		5227A5331D89ED2300A4DBE9 /* PersistedType.swift */ = {isa = PBXFileReference; fileEncoding = 4; lastKnownFileType = sourcecode.swift; path = PersistedType.swift; sourceTree = "<group>"; };
		5227A5351D89ED3C00A4DBE9 /* Persisted.swift */ = {isa = PBXFileReference; fileEncoding = 4; lastKnownFileType = sourcecode.swift; path = Persisted.swift; sourceTree = "<group>"; };
		5227A5391D89FC0B00A4DBE9 /* SetPeople.swift */ = {isa = PBXFileReference; fileEncoding = 4; lastKnownFileType = sourcecode.swift; path = SetPeople.swift; sourceTree = "<group>"; };
		5247380A1D83147C00628917 /* ReSwift.framework */ = {isa = PBXFileReference; lastKnownFileType = wrapper.framework; name = ReSwift.framework; path = Carthage/Build/iOS/ReSwift.framework; sourceTree = "<group>"; };
		525ABAA81D904D6C00171359 /* AuthenticationReducerTests.swift */ = {isa = PBXFileReference; fileEncoding = 4; lastKnownFileType = sourcecode.swift; path = AuthenticationReducerTests.swift; sourceTree = "<group>"; };
		525BE1451D6BADB2003B9839 /* PeopleServiceType.swift */ = {isa = PBXFileReference; fileEncoding = 4; lastKnownFileType = sourcecode.swift; path = PeopleServiceType.swift; sourceTree = "<group>"; };
		525BE1471D6BB087003B9839 /* FakePeopleService.swift */ = {isa = PBXFileReference; fileEncoding = 4; lastKnownFileType = sourcecode.swift; path = FakePeopleService.swift; sourceTree = "<group>"; };
		526EDED51D919E5B00C100D4 /* FakeAuthenticationState.swift */ = {isa = PBXFileReference; fileEncoding = 4; lastKnownFileType = sourcecode.swift; path = FakeAuthenticationState.swift; sourceTree = "<group>"; };
		526EDED71D919E7D00C100D4 /* AuthenticationStateType.swift */ = {isa = PBXFileReference; fileEncoding = 4; lastKnownFileType = sourcecode.swift; path = AuthenticationStateType.swift; sourceTree = "<group>"; };
		526EDED91D919F8500C100D4 /* ChallengeReducerTests.swift */ = {isa = PBXFileReference; fileEncoding = 4; lastKnownFileType = sourcecode.swift; path = ChallengeReducerTests.swift; sourceTree = "<group>"; };
		526EDEDB1D91A47200C100D4 /* ChallengeStateType.swift */ = {isa = PBXFileReference; fileEncoding = 4; lastKnownFileType = sourcecode.swift; path = ChallengeStateType.swift; sourceTree = "<group>"; };
		528412891D887AB9008D5224 /* AppState.swift */ = {isa = PBXFileReference; fileEncoding = 4; lastKnownFileType = sourcecode.swift; path = AppState.swift; sourceTree = "<group>"; };
		5284128C1D887AE6008D5224 /* AppReducer.swift */ = {isa = PBXFileReference; fileEncoding = 4; lastKnownFileType = sourcecode.swift; path = AppReducer.swift; sourceTree = "<group>"; };
		528C96A81D933F7C0094A061 /* FakeWebView.swift */ = {isa = PBXFileReference; fileEncoding = 4; lastKnownFileType = sourcecode.swift; path = FakeWebView.swift; sourceTree = "<group>"; };
		529648F31D945FCC00F30246 /* FakeAppReducer.swift */ = {isa = PBXFileReference; fileEncoding = 4; lastKnownFileType = sourcecode.swift; path = FakeAppReducer.swift; sourceTree = "<group>"; };
		52A985381D6B9D1500EB0247 /* UIStoryboard.swift */ = {isa = PBXFileReference; fileEncoding = 4; lastKnownFileType = sourcecode.swift; path = UIStoryboard.swift; sourceTree = "<group>"; };
		52A9853A1D6B9D1E00EB0247 /* ViewControllerIdentifier.swift */ = {isa = PBXFileReference; fileEncoding = 4; lastKnownFileType = sourcecode.swift; path = ViewControllerIdentifier.swift; sourceTree = "<group>"; };
		52A9853E1D6BA43D00EB0247 /* ViewController.swift */ = {isa = PBXFileReference; fileEncoding = 4; lastKnownFileType = sourcecode.swift; path = ViewController.swift; sourceTree = "<group>"; };
		52CE518D1D8C4AD300409E61 /* CreateChallenge.swift */ = {isa = PBXFileReference; fileEncoding = 4; lastKnownFileType = sourcecode.swift; path = CreateChallenge.swift; sourceTree = "<group>"; };
		52CE518F1D8C4AF100409E61 /* UpdateChallenge.swift */ = {isa = PBXFileReference; fileEncoding = 4; lastKnownFileType = sourcecode.swift; path = UpdateChallenge.swift; sourceTree = "<group>"; };
		52CE51B61D8CAA6400409E61 /* AuthenticationState.swift */ = {isa = PBXFileReference; fileEncoding = 4; lastKnownFileType = sourcecode.swift; path = AuthenticationState.swift; sourceTree = "<group>"; };
		52CE51B81D8CAA6E00409E61 /* ChallengeState.swift */ = {isa = PBXFileReference; fileEncoding = 4; lastKnownFileType = sourcecode.swift; path = ChallengeState.swift; sourceTree = "<group>"; };
		52CE51BA1D8CAF8500409E61 /* AuthenticationReducer.swift */ = {isa = PBXFileReference; fileEncoding = 4; lastKnownFileType = sourcecode.swift; path = AuthenticationReducer.swift; sourceTree = "<group>"; };
		52CE51BC1D8CB0B200409E61 /* ChallengeReducer.swift */ = {isa = PBXFileReference; fileEncoding = 4; lastKnownFileType = sourcecode.swift; path = ChallengeReducer.swift; sourceTree = "<group>"; };
		52CFABBE1D6CB40F00349460 /* NetworkType.swift */ = {isa = PBXFileReference; fileEncoding = 4; lastKnownFileType = sourcecode.swift; path = NetworkType.swift; sourceTree = "<group>"; };
		52CFABC01D6CB4F700349460 /* FakeNetwork.swift */ = {isa = PBXFileReference; fileEncoding = 4; lastKnownFileType = sourcecode.swift; path = FakeNetwork.swift; sourceTree = "<group>"; };
		52CFABC31D6CBF5500349460 /* Network.swift */ = {isa = PBXFileReference; fileEncoding = 4; lastKnownFileType = sourcecode.swift; path = Network.swift; sourceTree = "<group>"; };
		52CFABC51D6CC77700349460 /* PeopleServiceTests.swift */ = {isa = PBXFileReference; fileEncoding = 4; lastKnownFileType = sourcecode.swift; path = PeopleServiceTests.swift; sourceTree = "<group>"; };
		52CFABC71D6CCA3600349460 /* PeopleService.swift */ = {isa = PBXFileReference; fileEncoding = 4; lastKnownFileType = sourcecode.swift; path = PeopleService.swift; sourceTree = "<group>"; };
		52D19A611D997E5800B6E313 /* ReSwift.xcodeproj */ = {isa = PBXFileReference; lastKnownFileType = "wrapper.pb-project"; name = ReSwift.xcodeproj; path = External/ReSwift/ReSwift.xcodeproj; sourceTree = "<group>"; };
		52D4A6771D70F78C00B78EB5 /* Login.storyboard */ = {isa = PBXFileReference; fileEncoding = 4; lastKnownFileType = file.storyboard; path = Login.storyboard; sourceTree = "<group>"; };
		52DA7A741D6F8FFF00816314 /* GameViewController.swift */ = {isa = PBXFileReference; fileEncoding = 4; lastKnownFileType = sourcecode.swift; path = GameViewController.swift; sourceTree = "<group>"; };
		52DA7A761D6F902600816314 /* GameViewControllerTests.swift */ = {isa = PBXFileReference; fileEncoding = 4; lastKnownFileType = sourcecode.swift; path = GameViewControllerTests.swift; sourceTree = "<group>"; };
		52DA7A781D6F906400816314 /* Game.storyboard */ = {isa = PBXFileReference; fileEncoding = 4; lastKnownFileType = file.storyboard; path = Game.storyboard; sourceTree = "<group>"; };
		52E8F5351D6619990041A888 /* WhackAPivotRedux.app */ = {isa = PBXFileReference; explicitFileType = wrapper.application; includeInIndex = 0; path = WhackAPivotRedux.app; sourceTree = BUILT_PRODUCTS_DIR; };
		52E8F5381D6619990041A888 /* AppDelegate.swift */ = {isa = PBXFileReference; lastKnownFileType = sourcecode.swift; path = AppDelegate.swift; sourceTree = "<group>"; };
		52E8F53A1D6619990041A888 /* LoginViewController.swift */ = {isa = PBXFileReference; lastKnownFileType = sourcecode.swift; path = LoginViewController.swift; sourceTree = "<group>"; };
		52E8F53F1D6619990041A888 /* Assets.xcassets */ = {isa = PBXFileReference; lastKnownFileType = folder.assetcatalog; path = Assets.xcassets; sourceTree = "<group>"; };
		52E8F5421D6619990041A888 /* Base */ = {isa = PBXFileReference; lastKnownFileType = file.storyboard; name = Base; path = Base.lproj/LaunchScreen.storyboard; sourceTree = "<group>"; };
		52E8F5441D6619990041A888 /* Info.plist */ = {isa = PBXFileReference; lastKnownFileType = text.plist.xml; path = Info.plist; sourceTree = "<group>"; };
		52E8F5491D6619990041A888 /* WhackAPivotReduxTests.xctest */ = {isa = PBXFileReference; explicitFileType = wrapper.cfbundle; includeInIndex = 0; path = WhackAPivotReduxTests.xctest; sourceTree = BUILT_PRODUCTS_DIR; };
		52E8F54F1D6619990041A888 /* Info.plist */ = {isa = PBXFileReference; lastKnownFileType = text.plist.xml; path = Info.plist; sourceTree = "<group>"; };
		52E8F5581D661E030041A888 /* WhackAPivotReduxTests-Bridging-Header.h */ = {isa = PBXFileReference; lastKnownFileType = sourcecode.c.h; path = "WhackAPivotReduxTests-Bridging-Header.h"; sourceTree = "<group>"; };
		52E8F5591D661E030041A888 /* LoginViewControllerTests.swift */ = {isa = PBXFileReference; fileEncoding = 4; lastKnownFileType = sourcecode.swift; path = LoginViewControllerTests.swift; sourceTree = "<group>"; };
		52E8F56D1D6638A20041A888 /* Person.swift */ = {isa = PBXFileReference; fileEncoding = 4; lastKnownFileType = sourcecode.swift; path = Person.swift; sourceTree = "<group>"; };
		52E8F5731D663EEC0041A888 /* People.swift */ = {isa = PBXFileReference; fileEncoding = 4; lastKnownFileType = sourcecode.swift; path = People.swift; sourceTree = "<group>"; };
		52E8F5751D6671230041A888 /* ViewControllerTransitioner.swift */ = {isa = PBXFileReference; fileEncoding = 4; lastKnownFileType = sourcecode.swift; path = ViewControllerTransitioner.swift; sourceTree = "<group>"; };
		52E8F5771D6674030041A888 /* FakeViewControllerTransitioner.swift */ = {isa = PBXFileReference; fileEncoding = 4; lastKnownFileType = sourcecode.swift; path = FakeViewControllerTransitioner.swift; sourceTree = "<group>"; };
		52E97B7D1D74E5B4008A626A /* AnyRandomizer.swift */ = {isa = PBXFileReference; fileEncoding = 4; lastKnownFileType = sourcecode.swift; path = AnyRandomizer.swift; sourceTree = "<group>"; };
		52EFAC291D91BC5500A2AEE5 /* FakeChallengeState.swift */ = {isa = PBXFileReference; fileEncoding = 4; lastKnownFileType = sourcecode.swift; path = FakeChallengeState.swift; sourceTree = "<group>"; };
		52EFBF071D906DF9009F7E36 /* TestAppDelegate.swift */ = {isa = PBXFileReference; fileEncoding = 4; lastKnownFileType = sourcecode.swift; path = TestAppDelegate.swift; sourceTree = "<group>"; };
/* End PBXFileReference section */

/* Begin PBXFrameworksBuildPhase section */
		52E8F5321D6619990041A888 /* Frameworks */ = {
			isa = PBXFrameworksBuildPhase;
			buildActionMask = 2147483647;
			files = (
				52D19A791D997E6300B6E313 /* ReSwift.framework in Frameworks */,
			);
			runOnlyForDeploymentPostprocessing = 0;
		};
		52E8F5461D6619990041A888 /* Frameworks */ = {
			isa = PBXFrameworksBuildPhase;
			buildActionMask = 2147483647;
			files = (
			);
			runOnlyForDeploymentPostprocessing = 0;
		};
/* End PBXFrameworksBuildPhase section */

/* Begin PBXGroup section */
		522184051D6E1BF600A9D80A /* Storyboards */ = {
			isa = PBXGroup;
			children = (
				52DA7A781D6F906400816314 /* Game.storyboard */,
				52E8F5411D6619990041A888 /* LaunchScreen.storyboard */,
				52D4A6771D70F78C00B78EB5 /* Login.storyboard */,
			);
			name = Storyboards;
			sourceTree = "<group>";
		};
		522184161D6E4E1200A9D80A /* Utilities */ = {
			isa = PBXGroup;
			children = (
				522184171D6E4E2C00A9D80A /* RandomizerTests.swift */,
			);
			name = Utilities;
			sourceTree = "<group>";
		};
		522184191D6E4EDE00A9D80A /* Utilities */ = {
			isa = PBXGroup;
			children = (
				5211EC3B1D94A36100877C8A /* Dispatch.swift */,
				5227A5351D89ED3C00A4DBE9 /* Persisted.swift */,
				5221841A1D6E4EEB00A9D80A /* Randomizer.swift */,
			);
			name = Utilities;
			sourceTree = "<group>";
		};
		524738091D83147C00628917 /* Frameworks */ = {
			isa = PBXGroup;
			children = (
				5247380A1D83147C00628917 /* ReSwift.framework */,
			);
			name = Frameworks;
			sourceTree = "<group>";
		};
		525ABAA71D904D4200171359 /* Reducers */ = {
			isa = PBXGroup;
			children = (
				525ABAA81D904D6C00171359 /* AuthenticationReducerTests.swift */,
				526EDED91D919F8500C100D4 /* ChallengeReducerTests.swift */,
			);
			name = Reducers;
			sourceTree = "<group>";
		};
		525BE1491D6BB6A4003B9839 /* Services */ = {
			isa = PBXGroup;
			children = (
				52CFABC51D6CC77700349460 /* PeopleServiceTests.swift */,
			);
			name = Services;
			sourceTree = "<group>";
		};
		528412881D887AB0008D5224 /* State */ = {
			isa = PBXGroup;
			children = (
				52CE51B61D8CAA6400409E61 /* AuthenticationState.swift */,
				52CE51B81D8CAA6E00409E61 /* ChallengeState.swift */,
				528412891D887AB9008D5224 /* AppState.swift */,
			);
			name = State;
			sourceTree = "<group>";
		};
		5284128B1D887ACC008D5224 /* Reducers */ = {
			isa = PBXGroup;
			children = (
				5284128C1D887AE6008D5224 /* AppReducer.swift */,
				52CE51BA1D8CAF8500409E61 /* AuthenticationReducer.swift */,
				52CE51BC1D8CB0B200409E61 /* ChallengeReducer.swift */,
			);
			name = Reducers;
			sourceTree = "<group>";
		};
		52A985371D6B9D0400EB0247 /* Extensions */ = {
			isa = PBXGroup;
			children = (
				52A985381D6B9D1500EB0247 /* UIStoryboard.swift */,
			);
			name = Extensions;
			sourceTree = "<group>";
		};
		52A9853C1D6BA3FD00EB0247 /* Types */ = {
			isa = PBXGroup;
			children = (
				52E97B7D1D74E5B4008A626A /* AnyRandomizer.swift */,
				526EDED71D919E7D00C100D4 /* AuthenticationStateType.swift */,
				526EDEDB1D91A47200C100D4 /* ChallengeStateType.swift */,
				5211EC391D94A30300877C8A /* DispatchType.swift */,
				52CFABBE1D6CB40F00349460 /* NetworkType.swift */,
				525BE1451D6BADB2003B9839 /* PeopleServiceType.swift */,
				5227A5331D89ED2300A4DBE9 /* PersistedType.swift */,
				522184121D6E456900A9D80A /* RandomizerType.swift */,
				52A9853E1D6BA43D00EB0247 /* ViewController.swift */,
				52E8F5751D6671230041A888 /* ViewControllerTransitioner.swift */,
			);
			name = Types;
			sourceTree = "<group>";
		};
		52B485901D88B458009124C3 /* Actions */ = {
			isa = PBXGroup;
			children = (
				52CE518D1D8C4AD300409E61 /* CreateChallenge.swift */,
				52E8F5731D663EEC0041A888 /* People.swift */,
				5227A5391D89FC0B00A4DBE9 /* SetPeople.swift */,
				5227A5311D89D43500A4DBE9 /* SetSessionToken.swift */,
				52CE518F1D8C4AF100409E61 /* UpdateChallenge.swift */,
			);
			name = Actions;
			sourceTree = "<group>";
		};
		52CFABC21D6CBF3E00349460 /* Services */ = {
			isa = PBXGroup;
			children = (
				52CFABC31D6CBF5500349460 /* Network.swift */,
				52CFABC71D6CCA3600349460 /* PeopleService.swift */,
			);
			name = Services;
			sourceTree = "<group>";
		};
		52D19A601D997E4500B6E313 /* Frameworks */ = {
			isa = PBXGroup;
			children = (
				52D19A611D997E5800B6E313 /* ReSwift.xcodeproj */,
			);
			name = Frameworks;
			sourceTree = "<group>";
		};
		52D19A621D997E5800B6E313 /* Products */ = {
			isa = PBXGroup;
			children = (
				52D19A6C1D997E5800B6E313 /* ReSwift.framework */,
				52D19A6E1D997E5800B6E313 /* ReSwift-iOSTests.xctest */,
				52D19A701D997E5800B6E313 /* ReSwift.framework */,
				52D19A721D997E5800B6E313 /* ReSwift-macOSTests.xctest */,
				52D19A741D997E5800B6E313 /* ReSwift.framework */,
				52D19A761D997E5800B6E313 /* ReSwift-tvOSTests.xctest */,
				52D19A781D997E5800B6E313 /* ReSwift.framework */,
			);
			name = Products;
			sourceTree = "<group>";
		};
		52E8F52C1D6619990041A888 = {
			isa = PBXGroup;
			children = (
				52D19A601D997E4500B6E313 /* Frameworks */,
				52E8F5371D6619990041A888 /* WhackAPivotRedux */,
				52E8F54C1D6619990041A888 /* WhackAPivotReduxTests */,
				52E8F5361D6619990041A888 /* Products */,
				524738091D83147C00628917 /* Frameworks */,
			);
			sourceTree = "<group>";
		};
		52E8F5361D6619990041A888 /* Products */ = {
			isa = PBXGroup;
			children = (
				52E8F5351D6619990041A888 /* WhackAPivotRedux.app */,
				52E8F5491D6619990041A888 /* WhackAPivotReduxTests.xctest */,
			);
			name = Products;
			sourceTree = "<group>";
		};
		52E8F5371D6619990041A888 /* WhackAPivotRedux */ = {
			isa = PBXGroup;
			children = (
				52B485901D88B458009124C3 /* Actions */,
				52E8F5381D6619990041A888 /* AppDelegate.swift */,
				52E8F53F1D6619990041A888 /* Assets.xcassets */,
				52E8F55B1D661E5A0041A888 /* Controllers */,
				52A985371D6B9D0400EB0247 /* Extensions */,
				52E8F5441D6619990041A888 /* Info.plist */,
				520243B31D9065E4009F236F /* main.swift */,
				52E8F56C1D6638790041A888 /* Models */,
				5284128B1D887ACC008D5224 /* Reducers */,
				52CFABC21D6CBF3E00349460 /* Services */,
				528412881D887AB0008D5224 /* State */,
				522184051D6E1BF600A9D80A /* Storyboards */,
				52EFBF071D906DF9009F7E36 /* TestAppDelegate.swift */,
				52A9853C1D6BA3FD00EB0247 /* Types */,
				522184191D6E4EDE00A9D80A /* Utilities */,
			);
			path = WhackAPivotRedux;
			sourceTree = "<group>";
		};
		52E8F54C1D6619990041A888 /* WhackAPivotReduxTests */ = {
			isa = PBXGroup;
			children = (
				52E8F55D1D6625930041A888 /* Controllers */,
				52E8F5691D6632E80041A888 /* Fakes */,
				52E8F54F1D6619990041A888 /* Info.plist */,
				525ABAA71D904D4200171359 /* Reducers */,
				525BE1491D6BB6A4003B9839 /* Services */,
				522184161D6E4E1200A9D80A /* Utilities */,
				52E8F5581D661E030041A888 /* WhackAPivotReduxTests-Bridging-Header.h */,
			);
			path = WhackAPivotReduxTests;
			sourceTree = "<group>";
		};
		52E8F55B1D661E5A0041A888 /* Controllers */ = {
			isa = PBXGroup;
			children = (
				52DA7A741D6F8FFF00816314 /* GameViewController.swift */,
				52E8F53A1D6619990041A888 /* LoginViewController.swift */,
			);
			name = Controllers;
			sourceTree = "<group>";
		};
		52E8F55D1D6625930041A888 /* Controllers */ = {
			isa = PBXGroup;
			children = (
				52DA7A761D6F902600816314 /* GameViewControllerTests.swift */,
				52E8F5591D661E030041A888 /* LoginViewControllerTests.swift */,
			);
			name = Controllers;
			sourceTree = "<group>";
		};
		52E8F5691D6632E80041A888 /* Fakes */ = {
			isa = PBXGroup;
			children = (
				529648F31D945FCC00F30246 /* FakeAppReducer.swift */,
				526EDED51D919E5B00C100D4 /* FakeAuthenticationState.swift */,
				52EFAC291D91BC5500A2AEE5 /* FakeChallengeState.swift */,
				5211EC3D1D94A3CB00877C8A /* FakeDispatch.swift */,
				52CFABC01D6CB4F700349460 /* FakeNetwork.swift */,
				525BE1471D6BB087003B9839 /* FakePeopleService.swift */,
				522184141D6E4B5A00A9D80A /* FakeRandomizer.swift */,
				52E8F5771D6674030041A888 /* FakeViewControllerTransitioner.swift */,
				528C96A81D933F7C0094A061 /* FakeWebView.swift */,
			);
			name = Fakes;
			sourceTree = "<group>";
		};
		52E8F56C1D6638790041A888 /* Models */ = {
			isa = PBXGroup;
			children = (
				5221840C1D6E3D5100A9D80A /* Challenge.swift */,
				52E8F56D1D6638A20041A888 /* Person.swift */,
				52A9853A1D6B9D1E00EB0247 /* ViewControllerIdentifier.swift */,
			);
			name = Models;
			sourceTree = "<group>";
		};
/* End PBXGroup section */

/* Begin PBXNativeTarget section */
		52E8F5341D6619990041A888 /* WhackAPivotRedux */ = {
			isa = PBXNativeTarget;
			buildConfigurationList = 52E8F5521D6619990041A888 /* Build configuration list for PBXNativeTarget "WhackAPivotRedux" */;
			buildPhases = (
				52E8F5311D6619990041A888 /* Sources */,
				52E8F5321D6619990041A888 /* Frameworks */,
				52E8F5331D6619990041A888 /* Resources */,
			);
			buildRules = (
			);
			dependencies = (
			);
			name = WhackAPivotRedux;
			productName = WhackAPivotRedux;
			productReference = 52E8F5351D6619990041A888 /* WhackAPivotRedux.app */;
			productType = "com.apple.product-type.application";
		};
		52E8F5481D6619990041A888 /* WhackAPivotReduxTests */ = {
			isa = PBXNativeTarget;
			buildConfigurationList = 52E8F5551D6619990041A888 /* Build configuration list for PBXNativeTarget "WhackAPivotReduxTests" */;
			buildPhases = (
				52E8F5451D6619990041A888 /* Sources */,
				52E8F5461D6619990041A888 /* Frameworks */,
				52E8F5471D6619990041A888 /* Resources */,
			);
			buildRules = (
			);
			dependencies = (
				52E8F54B1D6619990041A888 /* PBXTargetDependency */,
			);
			name = WhackAPivotReduxTests;
			productName = WhackAPivotReduxTests;
			productReference = 52E8F5491D6619990041A888 /* WhackAPivotReduxTests.xctest */;
			productType = "com.apple.product-type.bundle.unit-test";
		};
/* End PBXNativeTarget section */

/* Begin PBXProject section */
		52E8F52D1D6619990041A888 /* Project object */ = {
			isa = PBXProject;
			attributes = {
				LastSwiftUpdateCheck = 0800;
				LastUpgradeCheck = 0810;
				ORGANIZATIONNAME = "Pivotal Labs";
				TargetAttributes = {
					52E8F5341D6619990041A888 = {
						CreatedOnToolsVersion = 8.0;
						DevelopmentTeam = 78NNNKRM7Q;
						ProvisioningStyle = Automatic;
					};
					52E8F5481D6619990041A888 = {
						CreatedOnToolsVersion = 8.0;
						DevelopmentTeam = 78NNNKRM7Q;
						LastSwiftMigration = 0800;
						ProvisioningStyle = Automatic;
						TestTargetID = 52E8F5341D6619990041A888;
					};
				};
			};
			buildConfigurationList = 52E8F5301D6619990041A888 /* Build configuration list for PBXProject "WhackAPivotRedux" */;
			compatibilityVersion = "Xcode 3.2";
			developmentRegion = English;
			hasScannedForEncodings = 0;
			knownRegions = (
				en,
				Base,
			);
			mainGroup = 52E8F52C1D6619990041A888;
			productRefGroup = 52E8F5361D6619990041A888 /* Products */;
			projectDirPath = "";
			projectReferences = (
				{
					ProductGroup = 52D19A621D997E5800B6E313 /* Products */;
					ProjectRef = 52D19A611D997E5800B6E313 /* ReSwift.xcodeproj */;
				},
			);
			projectRoot = "";
			targets = (
				52E8F5341D6619990041A888 /* WhackAPivotRedux */,
				52E8F5481D6619990041A888 /* WhackAPivotReduxTests */,
			);
		};
/* End PBXProject section */

/* Begin PBXReferenceProxy section */
		52D19A6C1D997E5800B6E313 /* ReSwift.framework */ = {
			isa = PBXReferenceProxy;
			fileType = wrapper.framework;
			path = ReSwift.framework;
			remoteRef = 52D19A6B1D997E5800B6E313 /* PBXContainerItemProxy */;
			sourceTree = BUILT_PRODUCTS_DIR;
		};
		52D19A6E1D997E5800B6E313 /* ReSwift-iOSTests.xctest */ = {
			isa = PBXReferenceProxy;
			fileType = wrapper.cfbundle;
			path = "ReSwift-iOSTests.xctest";
			remoteRef = 52D19A6D1D997E5800B6E313 /* PBXContainerItemProxy */;
			sourceTree = BUILT_PRODUCTS_DIR;
		};
		52D19A701D997E5800B6E313 /* ReSwift.framework */ = {
			isa = PBXReferenceProxy;
			fileType = wrapper.framework;
			path = ReSwift.framework;
			remoteRef = 52D19A6F1D997E5800B6E313 /* PBXContainerItemProxy */;
			sourceTree = BUILT_PRODUCTS_DIR;
		};
		52D19A721D997E5800B6E313 /* ReSwift-macOSTests.xctest */ = {
			isa = PBXReferenceProxy;
			fileType = wrapper.cfbundle;
			path = "ReSwift-macOSTests.xctest";
			remoteRef = 52D19A711D997E5800B6E313 /* PBXContainerItemProxy */;
			sourceTree = BUILT_PRODUCTS_DIR;
		};
		52D19A741D997E5800B6E313 /* ReSwift.framework */ = {
			isa = PBXReferenceProxy;
			fileType = wrapper.framework;
			path = ReSwift.framework;
			remoteRef = 52D19A731D997E5800B6E313 /* PBXContainerItemProxy */;
			sourceTree = BUILT_PRODUCTS_DIR;
		};
		52D19A761D997E5800B6E313 /* ReSwift-tvOSTests.xctest */ = {
			isa = PBXReferenceProxy;
			fileType = wrapper.cfbundle;
			path = "ReSwift-tvOSTests.xctest";
			remoteRef = 52D19A751D997E5800B6E313 /* PBXContainerItemProxy */;
			sourceTree = BUILT_PRODUCTS_DIR;
		};
		52D19A781D997E5800B6E313 /* ReSwift.framework */ = {
			isa = PBXReferenceProxy;
			fileType = wrapper.framework;
			path = ReSwift.framework;
			remoteRef = 52D19A771D997E5800B6E313 /* PBXContainerItemProxy */;
			sourceTree = BUILT_PRODUCTS_DIR;
		};
/* End PBXReferenceProxy section */

/* Begin PBXResourcesBuildPhase section */
		52E8F5331D6619990041A888 /* Resources */ = {
			isa = PBXResourcesBuildPhase;
			buildActionMask = 2147483647;
			files = (
				52E8F5431D6619990041A888 /* LaunchScreen.storyboard in Resources */,
				52D4A6781D70F78C00B78EB5 /* Login.storyboard in Resources */,
				52E8F5401D6619990041A888 /* Assets.xcassets in Resources */,
				52DA7A791D6F906400816314 /* Game.storyboard in Resources */,
			);
			runOnlyForDeploymentPostprocessing = 0;
		};
		52E8F5471D6619990041A888 /* Resources */ = {
			isa = PBXResourcesBuildPhase;
			buildActionMask = 2147483647;
			files = (
			);
			runOnlyForDeploymentPostprocessing = 0;
		};
/* End PBXResourcesBuildPhase section */

/* Begin PBXSourcesBuildPhase section */
		52E8F5311D6619990041A888 /* Sources */ = {
			isa = PBXSourcesBuildPhase;
			buildActionMask = 2147483647;
			files = (
				520243B41D9065E4009F236F /* main.swift in Sources */,
				5221840D1D6E3D5100A9D80A /* Challenge.swift in Sources */,
				52A985391D6B9D1500EB0247 /* UIStoryboard.swift in Sources */,
				52E8F5761D6671230041A888 /* ViewControllerTransitioner.swift in Sources */,
				526EDEDC1D91A47200C100D4 /* ChallengeStateType.swift in Sources */,
				52DA7A751D6F8FFF00816314 /* GameViewController.swift in Sources */,
				5211EC3C1D94A36100877C8A /* Dispatch.swift in Sources */,
				52CE51BD1D8CB0B200409E61 /* ChallengeReducer.swift in Sources */,
				522184131D6E456900A9D80A /* RandomizerType.swift in Sources */,
				5227A5321D89D43500A4DBE9 /* SetSessionToken.swift in Sources */,
				52CFABC41D6CBF5500349460 /* Network.swift in Sources */,
				52E8F53B1D6619990041A888 /* LoginViewController.swift in Sources */,
				52E8F5741D663EEC0041A888 /* People.swift in Sources */,
				52CE51B71D8CAA6400409E61 /* AuthenticationState.swift in Sources */,
				52E8F5391D6619990041A888 /* AppDelegate.swift in Sources */,
				5284128D1D887AE6008D5224 /* AppReducer.swift in Sources */,
				5211EC3A1D94A30300877C8A /* DispatchType.swift in Sources */,
				52A9853F1D6BA43D00EB0247 /* ViewController.swift in Sources */,
				52CFABC81D6CCA3600349460 /* PeopleService.swift in Sources */,
				52E8F56E1D6638A20041A888 /* Person.swift in Sources */,
				52E97B7E1D74E5B4008A626A /* AnyRandomizer.swift in Sources */,
				52CE518E1D8C4AD300409E61 /* CreateChallenge.swift in Sources */,
				5284128A1D887AB9008D5224 /* AppState.swift in Sources */,
				5221841B1D6E4EEB00A9D80A /* Randomizer.swift in Sources */,
				525BE1461D6BADB2003B9839 /* PeopleServiceType.swift in Sources */,
				52EFBF081D906DF9009F7E36 /* TestAppDelegate.swift in Sources */,
				52CFABBF1D6CB40F00349460 /* NetworkType.swift in Sources */,
				5227A5361D89ED3C00A4DBE9 /* Persisted.swift in Sources */,
				52CE51901D8C4AF100409E61 /* UpdateChallenge.swift in Sources */,
				52CE51B91D8CAA6E00409E61 /* ChallengeState.swift in Sources */,
				526EDED81D919E7D00C100D4 /* AuthenticationStateType.swift in Sources */,
				5227A53A1D89FC0B00A4DBE9 /* SetPeople.swift in Sources */,
				5227A5341D89ED2300A4DBE9 /* PersistedType.swift in Sources */,
				52CE51BB1D8CAF8500409E61 /* AuthenticationReducer.swift in Sources */,
				52A9853B1D6B9D1E00EB0247 /* ViewControllerIdentifier.swift in Sources */,
			);
			runOnlyForDeploymentPostprocessing = 0;
		};
		52E8F5451D6619990041A888 /* Sources */ = {
			isa = PBXSourcesBuildPhase;
			buildActionMask = 2147483647;
			files = (
				528C96A91D933F7C0094A061 /* FakeWebView.swift in Sources */,
				526EDEDA1D919F8500C100D4 /* ChallengeReducerTests.swift in Sources */,
				526EDED61D919E5B00C100D4 /* FakeAuthenticationState.swift in Sources */,
				52EFAC2A1D91BC5500A2AEE5 /* FakeChallengeState.swift in Sources */,
				52DA7A771D6F902600816314 /* GameViewControllerTests.swift in Sources */,
				522184151D6E4B5A00A9D80A /* FakeRandomizer.swift in Sources */,
				525BE1481D6BB087003B9839 /* FakePeopleService.swift in Sources */,
				5211EC3E1D94A3CB00877C8A /* FakeDispatch.swift in Sources */,
				52CFABC11D6CB4F700349460 /* FakeNetwork.swift in Sources */,
				522184181D6E4E2C00A9D80A /* RandomizerTests.swift in Sources */,
				52E8F55A1D661E030041A888 /* LoginViewControllerTests.swift in Sources */,
				525ABAA91D904D6C00171359 /* AuthenticationReducerTests.swift in Sources */,
				529648F41D945FCC00F30246 /* FakeAppReducer.swift in Sources */,
				52CFABC61D6CC77700349460 /* PeopleServiceTests.swift in Sources */,
				52E8F5781D6674030041A888 /* FakeViewControllerTransitioner.swift in Sources */,
			);
			runOnlyForDeploymentPostprocessing = 0;
		};
/* End PBXSourcesBuildPhase section */

/* Begin PBXTargetDependency section */
		52E8F54B1D6619990041A888 /* PBXTargetDependency */ = {
			isa = PBXTargetDependency;
			target = 52E8F5341D6619990041A888 /* WhackAPivotRedux */;
			targetProxy = 52E8F54A1D6619990041A888 /* PBXContainerItemProxy */;
		};
/* End PBXTargetDependency section */

/* Begin PBXVariantGroup section */
		52E8F5411D6619990041A888 /* LaunchScreen.storyboard */ = {
			isa = PBXVariantGroup;
			children = (
				52E8F5421D6619990041A888 /* Base */,
			);
			name = LaunchScreen.storyboard;
			sourceTree = "<group>";
		};
/* End PBXVariantGroup section */

/* Begin XCBuildConfiguration section */
		52E8F5501D6619990041A888 /* Debug */ = {
			isa = XCBuildConfiguration;
			buildSettings = {
				ALWAYS_SEARCH_USER_PATHS = NO;
				CLANG_ANALYZER_NONNULL = YES;
				CLANG_CXX_LANGUAGE_STANDARD = "gnu++0x";
				CLANG_CXX_LIBRARY = "libc++";
				CLANG_ENABLE_MODULES = YES;
				CLANG_ENABLE_OBJC_ARC = YES;
				CLANG_WARN_BOOL_CONVERSION = YES;
				CLANG_WARN_CONSTANT_CONVERSION = YES;
				CLANG_WARN_DIRECT_OBJC_ISA_USAGE = YES_ERROR;
				CLANG_WARN_DOCUMENTATION_COMMENTS = YES;
				CLANG_WARN_EMPTY_BODY = YES;
				CLANG_WARN_ENUM_CONVERSION = YES;
				CLANG_WARN_INFINITE_RECURSION = YES;
				CLANG_WARN_INT_CONVERSION = YES;
				CLANG_WARN_OBJC_ROOT_CLASS = YES_ERROR;
				CLANG_WARN_SUSPICIOUS_MOVE = YES;
				CLANG_WARN_SUSPICIOUS_MOVES = YES;
				CLANG_WARN_UNREACHABLE_CODE = YES;
				CLANG_WARN__DUPLICATE_METHOD_MATCH = YES;
				"CODE_SIGN_IDENTITY[sdk=iphoneos*]" = "iPhone Developer";
				COPY_PHASE_STRIP = NO;
				DEBUG_INFORMATION_FORMAT = dwarf;
				ENABLE_STRICT_OBJC_MSGSEND = YES;
				ENABLE_TESTABILITY = YES;
				GCC_C_LANGUAGE_STANDARD = gnu99;
				GCC_DYNAMIC_NO_PIC = NO;
				GCC_NO_COMMON_BLOCKS = YES;
				GCC_OPTIMIZATION_LEVEL = 0;
				GCC_PREPROCESSOR_DEFINITIONS = (
					"DEBUG=1",
					"$(inherited)",
				);
				GCC_WARN_64_TO_32_BIT_CONVERSION = YES;
				GCC_WARN_ABOUT_RETURN_TYPE = YES_ERROR;
				GCC_WARN_UNDECLARED_SELECTOR = YES;
				GCC_WARN_UNINITIALIZED_AUTOS = YES_AGGRESSIVE;
				GCC_WARN_UNUSED_FUNCTION = YES;
				GCC_WARN_UNUSED_VARIABLE = YES;
				IPHONEOS_DEPLOYMENT_TARGET = 10.0;
				MTL_ENABLE_DEBUG_INFO = YES;
				ONLY_ACTIVE_ARCH = YES;
				SDKROOT = iphoneos;
				SWIFT_ACTIVE_COMPILATION_CONDITIONS = DEBUG;
				SWIFT_OPTIMIZATION_LEVEL = "-Onone";
			};
			name = Debug;
		};
		52E8F5511D6619990041A888 /* Release */ = {
			isa = XCBuildConfiguration;
			buildSettings = {
				ALWAYS_SEARCH_USER_PATHS = NO;
				CLANG_ANALYZER_NONNULL = YES;
				CLANG_CXX_LANGUAGE_STANDARD = "gnu++0x";
				CLANG_CXX_LIBRARY = "libc++";
				CLANG_ENABLE_MODULES = YES;
				CLANG_ENABLE_OBJC_ARC = YES;
				CLANG_WARN_BOOL_CONVERSION = YES;
				CLANG_WARN_CONSTANT_CONVERSION = YES;
				CLANG_WARN_DIRECT_OBJC_ISA_USAGE = YES_ERROR;
				CLANG_WARN_DOCUMENTATION_COMMENTS = YES;
				CLANG_WARN_EMPTY_BODY = YES;
				CLANG_WARN_ENUM_CONVERSION = YES;
				CLANG_WARN_INFINITE_RECURSION = YES;
				CLANG_WARN_INT_CONVERSION = YES;
				CLANG_WARN_OBJC_ROOT_CLASS = YES_ERROR;
				CLANG_WARN_SUSPICIOUS_MOVE = YES;
				CLANG_WARN_SUSPICIOUS_MOVES = YES;
				CLANG_WARN_UNREACHABLE_CODE = YES;
				CLANG_WARN__DUPLICATE_METHOD_MATCH = YES;
				"CODE_SIGN_IDENTITY[sdk=iphoneos*]" = "iPhone Developer";
				COPY_PHASE_STRIP = NO;
				DEBUG_INFORMATION_FORMAT = "dwarf-with-dsym";
				ENABLE_NS_ASSERTIONS = NO;
				ENABLE_STRICT_OBJC_MSGSEND = YES;
				GCC_C_LANGUAGE_STANDARD = gnu99;
				GCC_NO_COMMON_BLOCKS = YES;
				GCC_WARN_64_TO_32_BIT_CONVERSION = YES;
				GCC_WARN_ABOUT_RETURN_TYPE = YES_ERROR;
				GCC_WARN_UNDECLARED_SELECTOR = YES;
				GCC_WARN_UNINITIALIZED_AUTOS = YES_AGGRESSIVE;
				GCC_WARN_UNUSED_FUNCTION = YES;
				GCC_WARN_UNUSED_VARIABLE = YES;
				IPHONEOS_DEPLOYMENT_TARGET = 10.0;
				MTL_ENABLE_DEBUG_INFO = NO;
				SDKROOT = iphoneos;
				SWIFT_OPTIMIZATION_LEVEL = "-Owholemodule";
				VALIDATE_PRODUCT = YES;
			};
			name = Release;
		};
		52E8F5531D6619990041A888 /* Debug */ = {
			isa = XCBuildConfiguration;
			buildSettings = {
				ASSETCATALOG_COMPILER_APPICON_NAME = AppIcon;
				DEVELOPMENT_TEAM = 78NNNKRM7Q;
				FRAMEWORK_SEARCH_PATHS = "$(inherited)";
				INFOPLIST_FILE = WhackAPivotRedux/Info.plist;
				LD_RUNPATH_SEARCH_PATHS = "$(inherited) @executable_path/Frameworks";
				PRODUCT_BUNDLE_IDENTIFIER = io.pivotal.whackapivot.WhackAPivotRedux;
				PRODUCT_NAME = "$(TARGET_NAME)";
				SWIFT_VERSION = 3.0;
			};
			name = Debug;
		};
		52E8F5541D6619990041A888 /* Release */ = {
			isa = XCBuildConfiguration;
			buildSettings = {
				ASSETCATALOG_COMPILER_APPICON_NAME = AppIcon;
				DEVELOPMENT_TEAM = 78NNNKRM7Q;
				FRAMEWORK_SEARCH_PATHS = "$(inherited)";
				INFOPLIST_FILE = WhackAPivotRedux/Info.plist;
				LD_RUNPATH_SEARCH_PATHS = "$(inherited) @executable_path/Frameworks";
				PRODUCT_BUNDLE_IDENTIFIER = io.pivotal.whackapivot.WhackAPivotRedux;
				PRODUCT_NAME = "$(TARGET_NAME)";
				SWIFT_VERSION = 3.0;
			};
			name = Release;
		};
		52E8F5561D6619990041A888 /* Debug */ = {
			isa = XCBuildConfiguration;
			buildSettings = {
				ALWAYS_EMBED_SWIFT_STANDARD_LIBRARIES = YES;
				BUNDLE_LOADER = "$(TEST_HOST)";
				CLANG_ENABLE_MODULES = YES;
				DEVELOPMENT_TEAM = 78NNNKRM7Q;
				FRAMEWORK_SEARCH_PATHS = "$(inherited)";
				INFOPLIST_FILE = WhackAPivotReduxTests/Info.plist;
				LD_RUNPATH_SEARCH_PATHS = "$(inherited) @executable_path/Frameworks @loader_path/Frameworks";
				PRODUCT_BUNDLE_IDENTIFIER = io.pivotal.whackapivot.WhackAPivotReduxTests;
				PRODUCT_NAME = "$(TARGET_NAME)";
				SWIFT_OBJC_BRIDGING_HEADER = "WhackAPivotReduxTests/WhackAPivotReduxTests-Bridging-Header.h";
				SWIFT_OPTIMIZATION_LEVEL = "-Onone";
				SWIFT_VERSION = 3.0;
				TEST_HOST = "$(BUILT_PRODUCTS_DIR)/WhackAPivotRedux.app/WhackAPivotRedux";
			};
			name = Debug;
		};
		52E8F5571D6619990041A888 /* Release */ = {
			isa = XCBuildConfiguration;
			buildSettings = {
				ALWAYS_EMBED_SWIFT_STANDARD_LIBRARIES = YES;
				BUNDLE_LOADER = "$(TEST_HOST)";
				CLANG_ENABLE_MODULES = YES;
				DEVELOPMENT_TEAM = 78NNNKRM7Q;
				FRAMEWORK_SEARCH_PATHS = "$(inherited)";
				INFOPLIST_FILE = WhackAPivotReduxTests/Info.plist;
				LD_RUNPATH_SEARCH_PATHS = "$(inherited) @executable_path/Frameworks @loader_path/Frameworks";
				PRODUCT_BUNDLE_IDENTIFIER = io.pivotal.whackapivot.WhackAPivotReduxTests;
				PRODUCT_NAME = "$(TARGET_NAME)";
				SWIFT_OBJC_BRIDGING_HEADER = "WhackAPivotReduxTests/WhackAPivotReduxTests-Bridging-Header.h";
				SWIFT_VERSION = 3.0;
				TEST_HOST = "$(BUILT_PRODUCTS_DIR)/WhackAPivotRedux.app/WhackAPivotRedux";
			};
			name = Release;
		};
/* End XCBuildConfiguration section */

/* Begin XCConfigurationList section */
		52E8F5301D6619990041A888 /* Build configuration list for PBXProject "WhackAPivotRedux" */ = {
			isa = XCConfigurationList;
			buildConfigurations = (
				52E8F5501D6619990041A888 /* Debug */,
				52E8F5511D6619990041A888 /* Release */,
			);
			defaultConfigurationIsVisible = 0;
			defaultConfigurationName = Release;
		};
		52E8F5521D6619990041A888 /* Build configuration list for PBXNativeTarget "WhackAPivotRedux" */ = {
			isa = XCConfigurationList;
			buildConfigurations = (
				52E8F5531D6619990041A888 /* Debug */,
				52E8F5541D6619990041A888 /* Release */,
			);
			defaultConfigurationIsVisible = 0;
			defaultConfigurationName = Release;
		};
		52E8F5551D6619990041A888 /* Build configuration list for PBXNativeTarget "WhackAPivotReduxTests" */ = {
			isa = XCConfigurationList;
			buildConfigurations = (
				52E8F5561D6619990041A888 /* Debug */,
				52E8F5571D6619990041A888 /* Release */,
			);
			defaultConfigurationIsVisible = 0;
			defaultConfigurationName = Release;
		};
/* End XCConfigurationList section */
	};
	rootObject = 52E8F52D1D6619990041A888 /* Project object */;
}
